
Microsoft Visual Studio Solution File, Format Version 12.00
# Visual Studio Express 15 for Windows Desktop
VisualStudioVersion = 15.0.28307.1300
MinimumVisualStudioVersion = 10.0.40219.1
Project("{8BC9CEB8-8B4A-11D0-8D11-00A0C91BC942}") = "SNS", "SNS\SNS.vcxproj", "{A5BF7EDC-863B-4961-90BC-92EA335D0788}"
EndProject
Project("{8BC9CEB8-8B4A-11D0-8D11-00A0C91BC942}") = "defrag", "defrag\defrag.vcxproj", "{3812820A-AA83-4263-A534-CE59C3A2D682}"
EndProject
Project("{8BC9CEB8-8B4A-11D0-8D11-00A0C91BC942}") = "연락처 DataBase", "연락처 DataBase\연락처 DataBase.vcxproj", "{5D12B65C-212F-45E8-9947-2425CF0BC1B1}"
EndProject
Project("{8BC9CEB8-8B4A-11D0-8D11-00A0C91BC942}") = "메일서버", "메일서버\메일서버.vcxproj", "{F3E90BAB-0A21-465F-880E-F51F2F0EA52B}"
EndProject
Project("{8BC9CEB8-8B4A-11D0-8D11-00A0C91BC942}") = "여행상품추천", "여행상품추천\여행상품추천.vcxproj", "{23CA0BB7-C1A6-4E90-A4BB-D86DACE656AF}"
EndProject
Project("{8BC9CEB8-8B4A-11D0-8D11-00A0C91BC942}") = "Social Media", "Social Media\Social Media.vcxproj", "{81A97297-E8DE-429F-BA6D-28A5B915561A}"
EndProject
Project("{2150E333-8FDC-42A3-9474-1A3956D46DE8}") = "Solution Items", "Solution Items", "{BE3596B2-4392-46DA-83D4-15E1A8873BF2}"
	ProjectSection(SolutionItems) = preProject
		hash.txt = hash.txt
		priority que.txt = priority que.txt
		qsort.txt = qsort.txt
	EndProjectSection
EndProject
Project("{8BC9CEB8-8B4A-11D0-8D11-00A0C91BC942}") = "Directory", "Directory\Directory.vcxproj", "{778E53FB-827D-439B-BF44-97E5D3B897B2}"
EndProject
Project("{8BC9CEB8-8B4A-11D0-8D11-00A0C91BC942}") = "test", "test\test.vcxproj", "{2CFC9AD0-3220-4D51-8B58-8060E87F3BAC}"
EndProject
Project("{8BC9CEB8-8B4A-11D0-8D11-00A0C91BC942}") = "친구추천", "친구추천\친구추천.vcxproj", "{D8BDA32F-DE4F-430C-A88A-FD258A58DFF8}"
EndProject
Project("{8BC9CEB8-8B4A-11D0-8D11-00A0C91BC942}") = "스트리밍서버", "..\OTH\OTH\OTH.vcxproj", "{97622AD0-0041-4DEE-A7E8-136C8F541F11}"
EndProject
Project("{8BC9CEB8-8B4A-11D0-8D11-00A0C91BC942}") = "별자리검색", "..\OTH\별자리검색\별자리검색.vcxproj", "{2C70E9AB-5CD2-42D2-8345-50C758355374}"
EndProject
Project("{8BC9CEB8-8B4A-11D0-8D11-00A0C91BC942}") = "GMemo", "..\OTH\GMemo\GMemo.vcxproj", "{8661FD19-3637-4DA4-AF05-905295D049A5}"
EndProject
Project("{8BC9CEB8-8B4A-11D0-8D11-00A0C91BC942}") = "Disk Schedule", "..\OTH\Disk Schedule\Disk Schedule.vcxproj", "{E51CB604-A83F-4F7E-8719-C4007AF6039C}"
EndProject
Project("{8BC9CEB8-8B4A-11D0-8D11-00A0C91BC942}") = "Text Editor", "Text Editor\Text Editor.vcxproj", "{3DE3195C-A7E0-4B1A-8AC2-A227A06F18C3}"
EndProject
Project("{8BC9CEB8-8B4A-11D0-8D11-00A0C91BC942}") = "Block Chain", "Block Chain\Block Chain.vcxproj", "{5BEC2AB2-E784-4036-9060-CCE8991D1A42}"
EndProject
Project("{8BC9CEB8-8B4A-11D0-8D11-00A0C91BC942}") = "Streaming Server", "Streaming Server\Streaming Server.vcxproj", "{A236D215-CB39-40DA-BCD0-ABC2D60C789E}"
EndProject
Project("{8BC9CEB8-8B4A-11D0-8D11-00A0C91BC942}") = "일정관리3_방법은 맞는거 같음", "일정관리3\일정관리3.vcxproj", "{B2BDDDC5-63DB-4003-94BC-D822A6CDD3F0}"
EndProject
Project("{8BC9CEB8-8B4A-11D0-8D11-00A0C91BC942}") = "문서편집", "문서편집\문서편집.vcxproj", "{6F9092E5-CE0B-47A1-891D-DDCBEC9D00A8}"
EndProject
Project("{8BC9CEB8-8B4A-11D0-8D11-00A0C91BC942}") = "pro_1107", "pro_1107\pro_1107.vcxproj", "{180BB993-C6EC-4EF4-BDDD-E9AF41A14038}"
EndProject
Project("{8BC9CEB8-8B4A-11D0-8D11-00A0C91BC942}") = "쪽지 예약전송", "쪽지 예약전송\쪽지 예약전송.vcxproj", "{B4AAA8C4-EAE0-4197-9C49-B73737EC8911}"
EndProject
Project("{8BC9CEB8-8B4A-11D0-8D11-00A0C91BC942}") = "11_21_pro_박테리아", "11_21_pro_박테리아\11_21_pro_박테리아.vcxproj", "{89813303-EB8C-47FB-A395-AC5636241DBC}"
EndProject
Project("{8BC9CEB8-8B4A-11D0-8D11-00A0C91BC942}") = "201128_pro_producer10", "201128_pro_producer10\201128_pro_producer10.vcxproj", "{07BA3E06-9B8E-4AB7-A030-0752020037AE}"
EndProject
Project("{8BC9CEB8-8B4A-11D0-8D11-00A0C91BC942}") = "12_11_pro_화물", "12_11_pro_화물\12_11_pro_화물.vcxproj", "{EE83DD4F-AD47-4F45-BEAF-32A341EA1E9D}"
EndProject
Project("{8BC9CEB8-8B4A-11D0-8D11-00A0C91BC942}") = "pro_12_19", "pro_12_19\pro_12_19.vcxproj", "{700E35C1-7252-4303-A502-B1F2634CAE01}"
EndProject
Project("{8BC9CEB8-8B4A-11D0-8D11-00A0C91BC942}") = "PQ_Test", "PQ_Test\PQ_Test.vcxproj", "{042BCB3E-93A3-418A-B3CA-4F5DFA8567D1}"
EndProject
Project("{8BC9CEB8-8B4A-11D0-8D11-00A0C91BC942}") = "가족 구성원 찾기", "가족 구성원 찾기\가족 구성원 찾기.vcxproj", "{739C98F2-2A73-4000-B5DE-F6DECB38ED82}"
EndProject
Project("{8BC9CEB8-8B4A-11D0-8D11-00A0C91BC942}") = "pro_0116", "pro_0116\pro_0116.vcxproj", "{0598E549-4068-4C74-B1EF-068C3E2C1010}"
EndProject
Project("{8BC9CEB8-8B4A-11D0-8D11-00A0C91BC942}") = "Test3", "Test3\Test3.vcxproj", "{4F28735F-DC30-4969-BA46-56A8DADAD0B8}"
EndProject
Project("{8BC9CEB8-8B4A-11D0-8D11-00A0C91BC942}") = "도서관관리", "도서관관리\도서관관리.vcxproj", "{09C8DF5A-373E-4ACB-91E6-B1AB0056AE6E}"
EndProject
Project("{8BC9CEB8-8B4A-11D0-8D11-00A0C91BC942}") = "ex_210327", "ex_210327\ex_210327.vcxproj", "{6860F15A-5CFE-4E85-8C5B-010C5D85A1B1}"
EndProject
Global
	GlobalSection(SolutionConfigurationPlatforms) = preSolution
		Debug|x64 = Debug|x64
		Debug|x86 = Debug|x86
		Release|x64 = Release|x64
		Release|x86 = Release|x86
	EndGlobalSection
	GlobalSection(ProjectConfigurationPlatforms) = postSolution
		{A5BF7EDC-863B-4961-90BC-92EA335D0788}.Debug|x64.ActiveCfg = Debug|x64
		{A5BF7EDC-863B-4961-90BC-92EA335D0788}.Debug|x64.Build.0 = Debug|x64
		{A5BF7EDC-863B-4961-90BC-92EA335D0788}.Debug|x86.ActiveCfg = Debug|Win32
		{A5BF7EDC-863B-4961-90BC-92EA335D0788}.Debug|x86.Build.0 = Debug|Win32
		{A5BF7EDC-863B-4961-90BC-92EA335D0788}.Release|x64.ActiveCfg = Release|x64
		{A5BF7EDC-863B-4961-90BC-92EA335D0788}.Release|x64.Build.0 = Release|x64
		{A5BF7EDC-863B-4961-90BC-92EA335D0788}.Release|x86.ActiveCfg = Release|Win32
		{A5BF7EDC-863B-4961-90BC-92EA335D0788}.Release|x86.Build.0 = Release|Win32
		{3812820A-AA83-4263-A534-CE59C3A2D682}.Debug|x64.ActiveCfg = Debug|x64
		{3812820A-AA83-4263-A534-CE59C3A2D682}.Debug|x64.Build.0 = Debug|x64
		{3812820A-AA83-4263-A534-CE59C3A2D682}.Debug|x86.ActiveCfg = Debug|Win32
		{3812820A-AA83-4263-A534-CE59C3A2D682}.Debug|x86.Build.0 = Debug|Win32
		{3812820A-AA83-4263-A534-CE59C3A2D682}.Release|x64.ActiveCfg = Release|x64
		{3812820A-AA83-4263-A534-CE59C3A2D682}.Release|x64.Build.0 = Release|x64
		{3812820A-AA83-4263-A534-CE59C3A2D682}.Release|x86.ActiveCfg = Release|Win32
		{3812820A-AA83-4263-A534-CE59C3A2D682}.Release|x86.Build.0 = Release|Win32
		{5D12B65C-212F-45E8-9947-2425CF0BC1B1}.Debug|x64.ActiveCfg = Debug|x64
		{5D12B65C-212F-45E8-9947-2425CF0BC1B1}.Debug|x64.Build.0 = Debug|x64
		{5D12B65C-212F-45E8-9947-2425CF0BC1B1}.Debug|x86.ActiveCfg = Debug|Win32
		{5D12B65C-212F-45E8-9947-2425CF0BC1B1}.Debug|x86.Build.0 = Debug|Win32
		{5D12B65C-212F-45E8-9947-2425CF0BC1B1}.Release|x64.ActiveCfg = Release|x64
		{5D12B65C-212F-45E8-9947-2425CF0BC1B1}.Release|x64.Build.0 = Release|x64
		{5D12B65C-212F-45E8-9947-2425CF0BC1B1}.Release|x86.ActiveCfg = Release|Win32
		{5D12B65C-212F-45E8-9947-2425CF0BC1B1}.Release|x86.Build.0 = Release|Win32
		{F3E90BAB-0A21-465F-880E-F51F2F0EA52B}.Debug|x64.ActiveCfg = Debug|x64
		{F3E90BAB-0A21-465F-880E-F51F2F0EA52B}.Debug|x64.Build.0 = Debug|x64
		{F3E90BAB-0A21-465F-880E-F51F2F0EA52B}.Debug|x86.ActiveCfg = Debug|Win32
		{F3E90BAB-0A21-465F-880E-F51F2F0EA52B}.Debug|x86.Build.0 = Debug|Win32
		{F3E90BAB-0A21-465F-880E-F51F2F0EA52B}.Release|x64.ActiveCfg = Release|x64
		{F3E90BAB-0A21-465F-880E-F51F2F0EA52B}.Release|x64.Build.0 = Release|x64
		{F3E90BAB-0A21-465F-880E-F51F2F0EA52B}.Release|x86.ActiveCfg = Release|Win32
		{F3E90BAB-0A21-465F-880E-F51F2F0EA52B}.Release|x86.Build.0 = Release|Win32
		{23CA0BB7-C1A6-4E90-A4BB-D86DACE656AF}.Debug|x64.ActiveCfg = Debug|x64
		{23CA0BB7-C1A6-4E90-A4BB-D86DACE656AF}.Debug|x64.Build.0 = Debug|x64
		{23CA0BB7-C1A6-4E90-A4BB-D86DACE656AF}.Debug|x86.ActiveCfg = Debug|Win32
		{23CA0BB7-C1A6-4E90-A4BB-D86DACE656AF}.Debug|x86.Build.0 = Debug|Win32
		{23CA0BB7-C1A6-4E90-A4BB-D86DACE656AF}.Release|x64.ActiveCfg = Release|x64
		{23CA0BB7-C1A6-4E90-A4BB-D86DACE656AF}.Release|x64.Build.0 = Release|x64
		{23CA0BB7-C1A6-4E90-A4BB-D86DACE656AF}.Release|x86.ActiveCfg = Release|Win32
		{23CA0BB7-C1A6-4E90-A4BB-D86DACE656AF}.Release|x86.Build.0 = Release|Win32
		{81A97297-E8DE-429F-BA6D-28A5B915561A}.Debug|x64.ActiveCfg = Debug|x64
		{81A97297-E8DE-429F-BA6D-28A5B915561A}.Debug|x64.Build.0 = Debug|x64
		{81A97297-E8DE-429F-BA6D-28A5B915561A}.Debug|x86.ActiveCfg = Debug|Win32
		{81A97297-E8DE-429F-BA6D-28A5B915561A}.Debug|x86.Build.0 = Debug|Win32
		{81A97297-E8DE-429F-BA6D-28A5B915561A}.Release|x64.ActiveCfg = Release|x64
		{81A97297-E8DE-429F-BA6D-28A5B915561A}.Release|x64.Build.0 = Release|x64
		{81A97297-E8DE-429F-BA6D-28A5B915561A}.Release|x86.ActiveCfg = Release|Win32
		{81A97297-E8DE-429F-BA6D-28A5B915561A}.Release|x86.Build.0 = Release|Win32
		{778E53FB-827D-439B-BF44-97E5D3B897B2}.Debug|x64.ActiveCfg = Debug|x64
		{778E53FB-827D-439B-BF44-97E5D3B897B2}.Debug|x64.Build.0 = Debug|x64
		{778E53FB-827D-439B-BF44-97E5D3B897B2}.Debug|x86.ActiveCfg = Debug|Win32
		{778E53FB-827D-439B-BF44-97E5D3B897B2}.Debug|x86.Build.0 = Debug|Win32
		{778E53FB-827D-439B-BF44-97E5D3B897B2}.Release|x64.ActiveCfg = Release|x64
		{778E53FB-827D-439B-BF44-97E5D3B897B2}.Release|x64.Build.0 = Release|x64
		{778E53FB-827D-439B-BF44-97E5D3B897B2}.Release|x86.ActiveCfg = Release|Win32
		{778E53FB-827D-439B-BF44-97E5D3B897B2}.Release|x86.Build.0 = Release|Win32
		{2CFC9AD0-3220-4D51-8B58-8060E87F3BAC}.Debug|x64.ActiveCfg = Debug|x64
		{2CFC9AD0-3220-4D51-8B58-8060E87F3BAC}.Debug|x64.Build.0 = Debug|x64
		{2CFC9AD0-3220-4D51-8B58-8060E87F3BAC}.Debug|x86.ActiveCfg = Debug|Win32
		{2CFC9AD0-3220-4D51-8B58-8060E87F3BAC}.Debug|x86.Build.0 = Debug|Win32
		{2CFC9AD0-3220-4D51-8B58-8060E87F3BAC}.Release|x64.ActiveCfg = Release|x64
		{2CFC9AD0-3220-4D51-8B58-8060E87F3BAC}.Release|x64.Build.0 = Release|x64
		{2CFC9AD0-3220-4D51-8B58-8060E87F3BAC}.Release|x86.ActiveCfg = Release|Win32
		{2CFC9AD0-3220-4D51-8B58-8060E87F3BAC}.Release|x86.Build.0 = Release|Win32
		{D8BDA32F-DE4F-430C-A88A-FD258A58DFF8}.Debug|x64.ActiveCfg = Debug|x64
		{D8BDA32F-DE4F-430C-A88A-FD258A58DFF8}.Debug|x64.Build.0 = Debug|x64
		{D8BDA32F-DE4F-430C-A88A-FD258A58DFF8}.Debug|x86.ActiveCfg = Debug|Win32
		{D8BDA32F-DE4F-430C-A88A-FD258A58DFF8}.Debug|x86.Build.0 = Debug|Win32
		{D8BDA32F-DE4F-430C-A88A-FD258A58DFF8}.Release|x64.ActiveCfg = Release|x64
		{D8BDA32F-DE4F-430C-A88A-FD258A58DFF8}.Release|x64.Build.0 = Release|x64
		{D8BDA32F-DE4F-430C-A88A-FD258A58DFF8}.Release|x86.ActiveCfg = Release|Win32
		{D8BDA32F-DE4F-430C-A88A-FD258A58DFF8}.Release|x86.Build.0 = Release|Win32
		{97622AD0-0041-4DEE-A7E8-136C8F541F11}.Debug|x64.ActiveCfg = Debug|x64
		{97622AD0-0041-4DEE-A7E8-136C8F541F11}.Debug|x64.Build.0 = Debug|x64
		{97622AD0-0041-4DEE-A7E8-136C8F541F11}.Debug|x86.ActiveCfg = Debug|Win32
		{97622AD0-0041-4DEE-A7E8-136C8F541F11}.Debug|x86.Build.0 = Debug|Win32
		{97622AD0-0041-4DEE-A7E8-136C8F541F11}.Release|x64.ActiveCfg = Release|x64
		{97622AD0-0041-4DEE-A7E8-136C8F541F11}.Release|x64.Build.0 = Release|x64
		{97622AD0-0041-4DEE-A7E8-136C8F541F11}.Release|x86.ActiveCfg = Release|Win32
		{97622AD0-0041-4DEE-A7E8-136C8F541F11}.Release|x86.Build.0 = Release|Win32
		{2C70E9AB-5CD2-42D2-8345-50C758355374}.Debug|x64.ActiveCfg = Debug|x64
		{2C70E9AB-5CD2-42D2-8345-50C758355374}.Debug|x64.Build.0 = Debug|x64
		{2C70E9AB-5CD2-42D2-8345-50C758355374}.Debug|x86.ActiveCfg = Debug|Win32
		{2C70E9AB-5CD2-42D2-8345-50C758355374}.Debug|x86.Build.0 = Debug|Win32
		{2C70E9AB-5CD2-42D2-8345-50C758355374}.Release|x64.ActiveCfg = Release|x64
		{2C70E9AB-5CD2-42D2-8345-50C758355374}.Release|x64.Build.0 = Release|x64
		{2C70E9AB-5CD2-42D2-8345-50C758355374}.Release|x86.ActiveCfg = Release|Win32
		{2C70E9AB-5CD2-42D2-8345-50C758355374}.Release|x86.Build.0 = Release|Win32
		{8661FD19-3637-4DA4-AF05-905295D049A5}.Debug|x64.ActiveCfg = Debug|x64
		{8661FD19-3637-4DA4-AF05-905295D049A5}.Debug|x64.Build.0 = Debug|x64
		{8661FD19-3637-4DA4-AF05-905295D049A5}.Debug|x86.ActiveCfg = Debug|Win32
		{8661FD19-3637-4DA4-AF05-905295D049A5}.Debug|x86.Build.0 = Debug|Win32
		{8661FD19-3637-4DA4-AF05-905295D049A5}.Release|x64.ActiveCfg = Release|x64
		{8661FD19-3637-4DA4-AF05-905295D049A5}.Release|x64.Build.0 = Release|x64
		{8661FD19-3637-4DA4-AF05-905295D049A5}.Release|x86.ActiveCfg = Release|Win32
		{8661FD19-3637-4DA4-AF05-905295D049A5}.Release|x86.Build.0 = Release|Win32
		{E51CB604-A83F-4F7E-8719-C4007AF6039C}.Debug|x64.ActiveCfg = Debug|x64
		{E51CB604-A83F-4F7E-8719-C4007AF6039C}.Debug|x64.Build.0 = Debug|x64
		{E51CB604-A83F-4F7E-8719-C4007AF6039C}.Debug|x86.ActiveCfg = Debug|Win32
		{E51CB604-A83F-4F7E-8719-C4007AF6039C}.Debug|x86.Build.0 = Debug|Win32
		{E51CB604-A83F-4F7E-8719-C4007AF6039C}.Release|x64.ActiveCfg = Release|x64
		{E51CB604-A83F-4F7E-8719-C4007AF6039C}.Release|x64.Build.0 = Release|x64
		{E51CB604-A83F-4F7E-8719-C4007AF6039C}.Release|x86.ActiveCfg = Release|Win32
		{E51CB604-A83F-4F7E-8719-C4007AF6039C}.Release|x86.Build.0 = Release|Win32
		{3DE3195C-A7E0-4B1A-8AC2-A227A06F18C3}.Debug|x64.ActiveCfg = Debug|x64
		{3DE3195C-A7E0-4B1A-8AC2-A227A06F18C3}.Debug|x64.Build.0 = Debug|x64
		{3DE3195C-A7E0-4B1A-8AC2-A227A06F18C3}.Debug|x86.ActiveCfg = Debug|Win32
		{3DE3195C-A7E0-4B1A-8AC2-A227A06F18C3}.Debug|x86.Build.0 = Debug|Win32
		{3DE3195C-A7E0-4B1A-8AC2-A227A06F18C3}.Release|x64.ActiveCfg = Release|x64
		{3DE3195C-A7E0-4B1A-8AC2-A227A06F18C3}.Release|x64.Build.0 = Release|x64
		{3DE3195C-A7E0-4B1A-8AC2-A227A06F18C3}.Release|x86.ActiveCfg = Release|Win32
		{3DE3195C-A7E0-4B1A-8AC2-A227A06F18C3}.Release|x86.Build.0 = Release|Win32
		{5BEC2AB2-E784-4036-9060-CCE8991D1A42}.Debug|x64.ActiveCfg = Debug|x64
		{5BEC2AB2-E784-4036-9060-CCE8991D1A42}.Debug|x64.Build.0 = Debug|x64
		{5BEC2AB2-E784-4036-9060-CCE8991D1A42}.Debug|x86.ActiveCfg = Debug|Win32
		{5BEC2AB2-E784-4036-9060-CCE8991D1A42}.Debug|x86.Build.0 = Debug|Win32
		{5BEC2AB2-E784-4036-9060-CCE8991D1A42}.Release|x64.ActiveCfg = Release|x64
		{5BEC2AB2-E784-4036-9060-CCE8991D1A42}.Release|x64.Build.0 = Release|x64
		{5BEC2AB2-E784-4036-9060-CCE8991D1A42}.Release|x86.ActiveCfg = Release|Win32
		{5BEC2AB2-E784-4036-9060-CCE8991D1A42}.Release|x86.Build.0 = Release|Win32
		{A236D215-CB39-40DA-BCD0-ABC2D60C789E}.Debug|x64.ActiveCfg = Debug|x64
		{A236D215-CB39-40DA-BCD0-ABC2D60C789E}.Debug|x64.Build.0 = Debug|x64
		{A236D215-CB39-40DA-BCD0-ABC2D60C789E}.Debug|x86.ActiveCfg = Debug|Win32
		{A236D215-CB39-40DA-BCD0-ABC2D60C789E}.Debug|x86.Build.0 = Debug|Win32
		{A236D215-CB39-40DA-BCD0-ABC2D60C789E}.Release|x64.ActiveCfg = Release|x64
		{A236D215-CB39-40DA-BCD0-ABC2D60C789E}.Release|x64.Build.0 = Release|x64
		{A236D215-CB39-40DA-BCD0-ABC2D60C789E}.Release|x86.ActiveCfg = Release|Win32
		{A236D215-CB39-40DA-BCD0-ABC2D60C789E}.Release|x86.Build.0 = Release|Win32
		{B2BDDDC5-63DB-4003-94BC-D822A6CDD3F0}.Debug|x64.ActiveCfg = Debug|x64
		{B2BDDDC5-63DB-4003-94BC-D822A6CDD3F0}.Debug|x64.Build.0 = Debug|x64
		{B2BDDDC5-63DB-4003-94BC-D822A6CDD3F0}.Debug|x86.ActiveCfg = Debug|Win32
		{B2BDDDC5-63DB-4003-94BC-D822A6CDD3F0}.Debug|x86.Build.0 = Debug|Win32
		{B2BDDDC5-63DB-4003-94BC-D822A6CDD3F0}.Release|x64.ActiveCfg = Release|x64
		{B2BDDDC5-63DB-4003-94BC-D822A6CDD3F0}.Release|x64.Build.0 = Release|x64
		{B2BDDDC5-63DB-4003-94BC-D822A6CDD3F0}.Release|x86.ActiveCfg = Release|Win32
		{B2BDDDC5-63DB-4003-94BC-D822A6CDD3F0}.Release|x86.Build.0 = Release|Win32
		{6F9092E5-CE0B-47A1-891D-DDCBEC9D00A8}.Debug|x64.ActiveCfg = Debug|x64
		{6F9092E5-CE0B-47A1-891D-DDCBEC9D00A8}.Debug|x64.Build.0 = Debug|x64
		{6F9092E5-CE0B-47A1-891D-DDCBEC9D00A8}.Debug|x86.ActiveCfg = Debug|Win32
		{6F9092E5-CE0B-47A1-891D-DDCBEC9D00A8}.Debug|x86.Build.0 = Debug|Win32
		{6F9092E5-CE0B-47A1-891D-DDCBEC9D00A8}.Release|x64.ActiveCfg = Release|x64
		{6F9092E5-CE0B-47A1-891D-DDCBEC9D00A8}.Release|x64.Build.0 = Release|x64
		{6F9092E5-CE0B-47A1-891D-DDCBEC9D00A8}.Release|x86.ActiveCfg = Release|Win32
		{6F9092E5-CE0B-47A1-891D-DDCBEC9D00A8}.Release|x86.Build.0 = Release|Win32
		{180BB993-C6EC-4EF4-BDDD-E9AF41A14038}.Debug|x64.ActiveCfg = Debug|x64
		{180BB993-C6EC-4EF4-BDDD-E9AF41A14038}.Debug|x64.Build.0 = Debug|x64
		{180BB993-C6EC-4EF4-BDDD-E9AF41A14038}.Debug|x86.ActiveCfg = Debug|Win32
		{180BB993-C6EC-4EF4-BDDD-E9AF41A14038}.Debug|x86.Build.0 = Debug|Win32
		{180BB993-C6EC-4EF4-BDDD-E9AF41A14038}.Release|x64.ActiveCfg = Release|x64
		{180BB993-C6EC-4EF4-BDDD-E9AF41A14038}.Release|x64.Build.0 = Release|x64
		{180BB993-C6EC-4EF4-BDDD-E9AF41A14038}.Release|x86.ActiveCfg = Release|Win32
		{180BB993-C6EC-4EF4-BDDD-E9AF41A14038}.Release|x86.Build.0 = Release|Win32
		{B4AAA8C4-EAE0-4197-9C49-B73737EC8911}.Debug|x64.ActiveCfg = Debug|x64
		{B4AAA8C4-EAE0-4197-9C49-B73737EC8911}.Debug|x64.Build.0 = Debug|x64
		{B4AAA8C4-EAE0-4197-9C49-B73737EC8911}.Debug|x86.ActiveCfg = Debug|Win32
		{B4AAA8C4-EAE0-4197-9C49-B73737EC8911}.Debug|x86.Build.0 = Debug|Win32
		{B4AAA8C4-EAE0-4197-9C49-B73737EC8911}.Release|x64.ActiveCfg = Release|x64
		{B4AAA8C4-EAE0-4197-9C49-B73737EC8911}.Release|x64.Build.0 = Release|x64
		{B4AAA8C4-EAE0-4197-9C49-B73737EC8911}.Release|x86.ActiveCfg = Release|Win32
		{B4AAA8C4-EAE0-4197-9C49-B73737EC8911}.Release|x86.Build.0 = Release|Win32
		{89813303-EB8C-47FB-A395-AC5636241DBC}.Debug|x64.ActiveCfg = Debug|x64
		{89813303-EB8C-47FB-A395-AC5636241DBC}.Debug|x64.Build.0 = Debug|x64
		{89813303-EB8C-47FB-A395-AC5636241DBC}.Debug|x86.ActiveCfg = Debug|Win32
		{89813303-EB8C-47FB-A395-AC5636241DBC}.Debug|x86.Build.0 = Debug|Win32
		{89813303-EB8C-47FB-A395-AC5636241DBC}.Release|x64.ActiveCfg = Release|x64
		{89813303-EB8C-47FB-A395-AC5636241DBC}.Release|x64.Build.0 = Release|x64
		{89813303-EB8C-47FB-A395-AC5636241DBC}.Release|x86.ActiveCfg = Release|Win32
		{89813303-EB8C-47FB-A395-AC5636241DBC}.Release|x86.Build.0 = Release|Win32
		{07BA3E06-9B8E-4AB7-A030-0752020037AE}.Debug|x64.ActiveCfg = Debug|x64
		{07BA3E06-9B8E-4AB7-A030-0752020037AE}.Debug|x64.Build.0 = Debug|x64
		{07BA3E06-9B8E-4AB7-A030-0752020037AE}.Debug|x86.ActiveCfg = Debug|Win32
		{07BA3E06-9B8E-4AB7-A030-0752020037AE}.Debug|x86.Build.0 = Debug|Win32
		{07BA3E06-9B8E-4AB7-A030-0752020037AE}.Release|x64.ActiveCfg = Release|x64
		{07BA3E06-9B8E-4AB7-A030-0752020037AE}.Release|x64.Build.0 = Release|x64
		{07BA3E06-9B8E-4AB7-A030-0752020037AE}.Release|x86.ActiveCfg = Release|Win32
		{07BA3E06-9B8E-4AB7-A030-0752020037AE}.Release|x86.Build.0 = Release|Win32
		{EE83DD4F-AD47-4F45-BEAF-32A341EA1E9D}.Debug|x64.ActiveCfg = Debug|x64
		{EE83DD4F-AD47-4F45-BEAF-32A341EA1E9D}.Debug|x64.Build.0 = Debug|x64
		{EE83DD4F-AD47-4F45-BEAF-32A341EA1E9D}.Debug|x86.ActiveCfg = Debug|Win32
		{EE83DD4F-AD47-4F45-BEAF-32A341EA1E9D}.Debug|x86.Build.0 = Debug|Win32
		{EE83DD4F-AD47-4F45-BEAF-32A341EA1E9D}.Release|x64.ActiveCfg = Release|x64
		{EE83DD4F-AD47-4F45-BEAF-32A341EA1E9D}.Release|x64.Build.0 = Release|x64
		{EE83DD4F-AD47-4F45-BEAF-32A341EA1E9D}.Release|x86.ActiveCfg = Release|Win32
		{EE83DD4F-AD47-4F45-BEAF-32A341EA1E9D}.Release|x86.Build.0 = Release|Win32
		{700E35C1-7252-4303-A502-B1F2634CAE01}.Debug|x64.ActiveCfg = Debug|x64
		{700E35C1-7252-4303-A502-B1F2634CAE01}.Debug|x64.Build.0 = Debug|x64
		{700E35C1-7252-4303-A502-B1F2634CAE01}.Debug|x86.ActiveCfg = Debug|Win32
		{700E35C1-7252-4303-A502-B1F2634CAE01}.Debug|x86.Build.0 = Debug|Win32
		{700E35C1-7252-4303-A502-B1F2634CAE01}.Release|x64.ActiveCfg = Release|x64
		{700E35C1-7252-4303-A502-B1F2634CAE01}.Release|x64.Build.0 = Release|x64
		{700E35C1-7252-4303-A502-B1F2634CAE01}.Release|x86.ActiveCfg = Release|Win32
		{700E35C1-7252-4303-A502-B1F2634CAE01}.Release|x86.Build.0 = Release|Win32
		{042BCB3E-93A3-418A-B3CA-4F5DFA8567D1}.Debug|x64.ActiveCfg = Debug|x64
		{042BCB3E-93A3-418A-B3CA-4F5DFA8567D1}.Debug|x64.Build.0 = Debug|x64
		{042BCB3E-93A3-418A-B3CA-4F5DFA8567D1}.Debug|x86.ActiveCfg = Debug|Win32
		{042BCB3E-93A3-418A-B3CA-4F5DFA8567D1}.Debug|x86.Build.0 = Debug|Win32
		{042BCB3E-93A3-418A-B3CA-4F5DFA8567D1}.Release|x64.ActiveCfg = Release|x64
		{042BCB3E-93A3-418A-B3CA-4F5DFA8567D1}.Release|x64.Build.0 = Release|x64
		{042BCB3E-93A3-418A-B3CA-4F5DFA8567D1}.Release|x86.ActiveCfg = Release|Win32
		{042BCB3E-93A3-418A-B3CA-4F5DFA8567D1}.Release|x86.Build.0 = Release|Win32
		{739C98F2-2A73-4000-B5DE-F6DECB38ED82}.Debug|x64.ActiveCfg = Debug|x64
		{739C98F2-2A73-4000-B5DE-F6DECB38ED82}.Debug|x64.Build.0 = Debug|x64
		{739C98F2-2A73-4000-B5DE-F6DECB38ED82}.Debug|x86.ActiveCfg = Debug|Win32
		{739C98F2-2A73-4000-B5DE-F6DECB38ED82}.Debug|x86.Build.0 = Debug|Win32
		{739C98F2-2A73-4000-B5DE-F6DECB38ED82}.Release|x64.ActiveCfg = Release|x64
		{739C98F2-2A73-4000-B5DE-F6DECB38ED82}.Release|x64.Build.0 = Release|x64
		{739C98F2-2A73-4000-B5DE-F6DECB38ED82}.Release|x86.ActiveCfg = Release|Win32
		{739C98F2-2A73-4000-B5DE-F6DECB38ED82}.Release|x86.Build.0 = Release|Win32
		{0598E549-4068-4C74-B1EF-068C3E2C1010}.Debug|x64.ActiveCfg = Debug|x64
		{0598E549-4068-4C74-B1EF-068C3E2C1010}.Debug|x64.Build.0 = Debug|x64
		{0598E549-4068-4C74-B1EF-068C3E2C1010}.Debug|x86.ActiveCfg = Debug|Win32
		{0598E549-4068-4C74-B1EF-068C3E2C1010}.Debug|x86.Build.0 = Debug|Win32
		{0598E549-4068-4C74-B1EF-068C3E2C1010}.Release|x64.ActiveCfg = Release|x64
		{0598E549-4068-4C74-B1EF-068C3E2C1010}.Release|x64.Build.0 = Release|x64
		{0598E549-4068-4C74-B1EF-068C3E2C1010}.Release|x86.ActiveCfg = Release|Win32
		{0598E549-4068-4C74-B1EF-068C3E2C1010}.Release|x86.Build.0 = Release|Win32
		{4F28735F-DC30-4969-BA46-56A8DADAD0B8}.Debug|x64.ActiveCfg = Debug|x64
		{4F28735F-DC30-4969-BA46-56A8DADAD0B8}.Debug|x64.Build.0 = Debug|x64
		{4F28735F-DC30-4969-BA46-56A8DADAD0B8}.Debug|x86.ActiveCfg = Debug|Win32
		{4F28735F-DC30-4969-BA46-56A8DADAD0B8}.Debug|x86.Build.0 = Debug|Win32
		{4F28735F-DC30-4969-BA46-56A8DADAD0B8}.Release|x64.ActiveCfg = Release|x64
		{4F28735F-DC30-4969-BA46-56A8DADAD0B8}.Release|x64.Build.0 = Release|x64
		{4F28735F-DC30-4969-BA46-56A8DADAD0B8}.Release|x86.ActiveCfg = Release|Win32
		{4F28735F-DC30-4969-BA46-56A8DADAD0B8}.Release|x86.Build.0 = Release|Win32
		{09C8DF5A-373E-4ACB-91E6-B1AB0056AE6E}.Debug|x64.ActiveCfg = Debug|x64
		{09C8DF5A-373E-4ACB-91E6-B1AB0056AE6E}.Debug|x64.Build.0 = Debug|x64
		{09C8DF5A-373E-4ACB-91E6-B1AB0056AE6E}.Debug|x86.ActiveCfg = Debug|Win32
		{09C8DF5A-373E-4ACB-91E6-B1AB0056AE6E}.Debug|x86.Build.0 = Debug|Win32
		{09C8DF5A-373E-4ACB-91E6-B1AB0056AE6E}.Release|x64.ActiveCfg = Release|x64
		{09C8DF5A-373E-4ACB-91E6-B1AB0056AE6E}.Release|x64.Build.0 = Release|x64
		{09C8DF5A-373E-4ACB-91E6-B1AB0056AE6E}.Release|x86.ActiveCfg = Release|Win32
		{09C8DF5A-373E-4ACB-91E6-B1AB0056AE6E}.Release|x86.Build.0 = Release|Win32
		{6860F15A-5CFE-4E85-8C5B-010C5D85A1B1}.Debug|x64.ActiveCfg = Debug|x64
		{6860F15A-5CFE-4E85-8C5B-010C5D85A1B1}.Debug|x64.Build.0 = Debug|x64
		{6860F15A-5CFE-4E85-8C5B-010C5D85A1B1}.Debug|x86.ActiveCfg = Debug|Win32
		{6860F15A-5CFE-4E85-8C5B-010C5D85A1B1}.Debug|x86.Build.0 = Debug|Win32
		{6860F15A-5CFE-4E85-8C5B-010C5D85A1B1}.Release|x64.ActiveCfg = Release|x64
		{6860F15A-5CFE-4E85-8C5B-010C5D85A1B1}.Release|x64.Build.0 = Release|x64
		{6860F15A-5CFE-4E85-8C5B-010C5D85A1B1}.Release|x86.ActiveCfg = Release|Win32
		{6860F15A-5CFE-4E85-8C5B-010C5D85A1B1}.Release|x86.Build.0 = Release|Win32
	EndGlobalSection
	GlobalSection(SolutionProperties) = preSolution
		HideSolutionNode = FALSE
	EndGlobalSection
	GlobalSection(NestedProjects) = preSolution
		{D8BDA32F-DE4F-430C-A88A-FD258A58DFF8} = {BE3596B2-4392-46DA-83D4-15E1A8873BF2}
		{EE83DD4F-AD47-4F45-BEAF-32A341EA1E9D} = {BE3596B2-4392-46DA-83D4-15E1A8873BF2}
	EndGlobalSection
	GlobalSection(ExtensibilityGlobals) = postSolution
		SolutionGuid = {E53FAD2D-CE4B-4602-A662-601946DCAB9E}
	EndGlobalSection
EndGlobal
